
Microsoft Visual Studio Solution File, Format Version 12.00
# Visual Studio Version 17
VisualStudioVersion = 17.1.32407.343
MinimumVisualStudioVersion = 10.0.40219.1
Project("{FAE04EC0-301F-11D3-BF4B-00C04F79EFBC}") = "Diplom", "Diplom\Diplom.csproj", "{4C183BCA-F4DA-4BFE-B468-E98F815D34DC}"
EndProject
Global
	GlobalSection(SolutionConfigurationPlatforms) = preSolution
		Debug|Any CPU = Debug|Any CPU
		Release|Any CPU = Release|Any CPU
	EndGlobalSection
	GlobalSection(ProjectConfigurationPlatforms) = postSolution
		{4C183BCA-F4DA-4BFE-B468-E98F815D34DC}.Debug|Any CPU.ActiveCfg = Debug|Any CPU
		{4C183BCA-F4DA-4BFE-B468-E98F815D34DC}.Debug|Any CPU.Build.0 = Debug|Any CPU
		{4C183BCA-F4DA-4BFE-B468-E98F815D34DC}.Release|Any CPU.ActiveCfg = Release|Any CPU
		{4C183BCA-F4DA-4BFE-B468-E98F815D34DC}.Release|Any CPU.Build.0 = Release|Any CPU
	EndGlobalSection
	GlobalSection(SolutionProperties) = preSolution
		HideSolutionNode = FALSE
	EndGlobalSection
	GlobalSection(ExtensibilityGlobals) = postSolution
		SolutionGuid = {FEC959AD-2495-46E4-B3F7-1E9C90D6170A}
	EndGlobalSection
EndGlobal
